// !$*UTF8*$!
{
	archiveVersion = 1;
	classes = {
	};
	objectVersion = 51;
	objects = {

/* Begin PBXBuildFile section */
		57845ACD24092D4300F35651 /* AppDelegate.swift in Sources */ = {isa = PBXBuildFile; fileRef = 57845ACC24092D4300F35651 /* AppDelegate.swift */; };
		57845ACF24092D4300F35651 /* SceneDelegate.swift in Sources */ = {isa = PBXBuildFile; fileRef = 57845ACE24092D4300F35651 /* SceneDelegate.swift */; };
		57845AD124092D4300F35651 /* LoginViewController.swift in Sources */ = {isa = PBXBuildFile; fileRef = 57845AD024092D4300F35651 /* LoginViewController.swift */; };
		57845AD624092D4400F35651 /* Assets.xcassets in Resources */ = {isa = PBXBuildFile; fileRef = 57845AD524092D4400F35651 /* Assets.xcassets */; };
		57845AD924092D4400F35651 /* LaunchScreen.storyboard in Resources */ = {isa = PBXBuildFile; fileRef = 57845AD724092D4400F35651 /* LaunchScreen.storyboard */; };
		57845AE424092D4400F35651 /* Firebase_DemoTests.swift in Sources */ = {isa = PBXBuildFile; fileRef = 57845AE324092D4400F35651 /* Firebase_DemoTests.swift */; };
		57845AEF24092D5D00F35651 /* LoginView.storyboard in Resources */ = {isa = PBXBuildFile; fileRef = 57845AEE24092D5D00F35651 /* LoginView.storyboard */; };
		57845AF124092DBB00F35651 /* GradientView.swift in Sources */ = {isa = PBXBuildFile; fileRef = 57845AF024092DBB00F35651 /* GradientView.swift */; };
		57845AF324092DDC00F35651 /* DesignableView.swift in Sources */ = {isa = PBXBuildFile; fileRef = 57845AF224092DDC00F35651 /* DesignableView.swift */; };
		B74AF8DB241BD17000D30957 /* Favorite.swift in Sources */ = {isa = PBXBuildFile; fileRef = B74AF8DA241BD17000D30957 /* Favorite.swift */; };
		B74AF8DD241BE5FA00D30957 /* SellerItemsController.swift in Sources */ = {isa = PBXBuildFile; fileRef = B74AF8DC241BE5FA00D30957 /* SellerItemsController.swift */; };
		B74AF8DF241BEEFB00D30957 /* Date+Ext.swift in Sources */ = {isa = PBXBuildFile; fileRef = B74AF8DE241BEEFB00D30957 /* Date+Ext.swift */; };
		B756852A240D5E0F00215AD6 /* MainView.storyboard in Resources */ = {isa = PBXBuildFile; fileRef = B7568529240D5E0F00215AD6 /* MainView.storyboard */; };
		B756852C240D5F1400215AD6 /* MainTabBarController.swift in Sources */ = {isa = PBXBuildFile; fileRef = B756852B240D5F1400215AD6 /* MainTabBarController.swift */; };
		B756852E240D5F3700215AD6 /* ItemFeedViewController.swift in Sources */ = {isa = PBXBuildFile; fileRef = B756852D240D5F3700215AD6 /* ItemFeedViewController.swift */; };
		B7568530240D5F4B00215AD6 /* SellItemViewController.swift in Sources */ = {isa = PBXBuildFile; fileRef = B756852F240D5F4B00215AD6 /* SellItemViewController.swift */; };
		B7568532240D5F5700215AD6 /* ProfileViewController.swift in Sources */ = {isa = PBXBuildFile; fileRef = B7568531240D5F5700215AD6 /* ProfileViewController.swift */; };
		B7568534240D5FAC00215AD6 /* UIViewController+Navigation.swift in Sources */ = {isa = PBXBuildFile; fileRef = B7568533240D5FAC00215AD6 /* UIViewController+Navigation.swift */; };
		B7568536240D5FEE00215AD6 /* UIViewController+Alert.swift in Sources */ = {isa = PBXBuildFile; fileRef = B7568535240D5FEE00215AD6 /* UIViewController+Alert.swift */; };
		B7646B4624096E4E0088AA84 /* GoogleService-Info.plist in Resources */ = {isa = PBXBuildFile; fileRef = B7646B4524096E4E0088AA84 /* GoogleService-Info.plist */; };
		B7646B492409753D0088AA84 /* AuthenticationSession.swift in Sources */ = {isa = PBXBuildFile; fileRef = B7646B482409753D0088AA84 /* AuthenticationSession.swift */; };
		B7669EFF240FFE01003F821D /* ItemCell.xib in Resources */ = {isa = PBXBuildFile; fileRef = B7669EFE240FFE00003F821D /* ItemCell.xib */; };
		B7669F01240FFE2E003F821D /* ItemCell.swift in Sources */ = {isa = PBXBuildFile; fileRef = B7669F00240FFE2E003F821D /* ItemCell.swift */; };
		B7669F0424100B02003F821D /* UIImage+Ext.swift in Sources */ = {isa = PBXBuildFile; fileRef = B7669F0324100B02003F821D /* UIImage+Ext.swift */; };
		B7669F0624100DCC003F821D /* StorageService.swift in Sources */ = {isa = PBXBuildFile; fileRef = B7669F0524100DCC003F821D /* StorageService.swift */; };
		B7AC45DE24196A9B0036F392 /* ItemDetailController.swift in Sources */ = {isa = PBXBuildFile; fileRef = B7AC45DD24196A9B0036F392 /* ItemDetailController.swift */; };
		B7AC45E0241973D80036F392 /* HeaderView.swift in Sources */ = {isa = PBXBuildFile; fileRef = B7AC45DF241973D80036F392 /* HeaderView.swift */; };
		B7AC45E224198F720036F392 /* Comment.swift in Sources */ = {isa = PBXBuildFile; fileRef = B7AC45E124198F720036F392 /* Comment.swift */; };
		B7B25AC3240D7AA1003D9F37 /* CreateItemViewController.swift in Sources */ = {isa = PBXBuildFile; fileRef = B7B25AC2240D7AA1003D9F37 /* CreateItemViewController.swift */; };
		B7B25AC5240D7B92003D9F37 /* Item.swift in Sources */ = {isa = PBXBuildFile; fileRef = B7B25AC4240D7B92003D9F37 /* Item.swift */; };
		B7B25AC7240D7E61003D9F37 /* DatabaseService.swift in Sources */ = {isa = PBXBuildFile; fileRef = B7B25AC6240D7E61003D9F37 /* DatabaseService.swift */; };
		B7E3613B240D757B00B15257 /* CategoryCell.swift in Sources */ = {isa = PBXBuildFile; fileRef = B7E3613A240D757B00B15257 /* CategoryCell.swift */; };
		B7E36140240D784C00B15257 /* Category.swift in Sources */ = {isa = PBXBuildFile; fileRef = B7E3613F240D784C00B15257 /* Category.swift */; };
		EB6574F1B80D78AC8140604E /* Pods_Firebase_DemoTests.framework in Frameworks */ = {isa = PBXBuildFile; fileRef = 578824D50FCE996CC3BC4125 /* Pods_Firebase_DemoTests.framework */; };
		FD7F9916B3652ACFE4BCDD44 /* Pods_Firebase_Demo.framework in Frameworks */ = {isa = PBXBuildFile; fileRef = 4DBAE2E40D80C7BA37A9AE4C /* Pods_Firebase_Demo.framework */; };
/* End PBXBuildFile section */

/* Begin PBXContainerItemProxy section */
		57845AE024092D4400F35651 /* PBXContainerItemProxy */ = {
			isa = PBXContainerItemProxy;
			containerPortal = 57845AC124092D4300F35651 /* Project object */;
			proxyType = 1;
			remoteGlobalIDString = 57845AC824092D4300F35651;
			remoteInfo = "Firebase-Demo";
		};
/* End PBXContainerItemProxy section */

/* Begin PBXFileReference section */
		13FE1FF9ABD13A8231698596 /* Pods-Firebase-DemoTests.release.xcconfig */ = {isa = PBXFileReference; includeInIndex = 1; lastKnownFileType = text.xcconfig; name = "Pods-Firebase-DemoTests.release.xcconfig"; path = "Target Support Files/Pods-Firebase-DemoTests/Pods-Firebase-DemoTests.release.xcconfig"; sourceTree = "<group>"; };
		339DE5D575CDDFC67600355B /* Pods-Firebase-DemoTests.debug.xcconfig */ = {isa = PBXFileReference; includeInIndex = 1; lastKnownFileType = text.xcconfig; name = "Pods-Firebase-DemoTests.debug.xcconfig"; path = "Target Support Files/Pods-Firebase-DemoTests/Pods-Firebase-DemoTests.debug.xcconfig"; sourceTree = "<group>"; };
		4DBAE2E40D80C7BA37A9AE4C /* Pods_Firebase_Demo.framework */ = {isa = PBXFileReference; explicitFileType = wrapper.framework; includeInIndex = 0; path = Pods_Firebase_Demo.framework; sourceTree = BUILT_PRODUCTS_DIR; };
		57845AC924092D4300F35651 /* Firebase-Demo.app */ = {isa = PBXFileReference; explicitFileType = wrapper.application; includeInIndex = 0; path = "Firebase-Demo.app"; sourceTree = BUILT_PRODUCTS_DIR; };
		57845ACC24092D4300F35651 /* AppDelegate.swift */ = {isa = PBXFileReference; lastKnownFileType = sourcecode.swift; path = AppDelegate.swift; sourceTree = "<group>"; };
		57845ACE24092D4300F35651 /* SceneDelegate.swift */ = {isa = PBXFileReference; lastKnownFileType = sourcecode.swift; path = SceneDelegate.swift; sourceTree = "<group>"; };
		57845AD024092D4300F35651 /* LoginViewController.swift */ = {isa = PBXFileReference; lastKnownFileType = sourcecode.swift; path = LoginViewController.swift; sourceTree = "<group>"; };
		57845AD524092D4400F35651 /* Assets.xcassets */ = {isa = PBXFileReference; lastKnownFileType = folder.assetcatalog; path = Assets.xcassets; sourceTree = "<group>"; };
		57845AD824092D4400F35651 /* Base */ = {isa = PBXFileReference; lastKnownFileType = file.storyboard; name = Base; path = Base.lproj/LaunchScreen.storyboard; sourceTree = "<group>"; };
		57845ADA24092D4400F35651 /* Info.plist */ = {isa = PBXFileReference; lastKnownFileType = text.plist.xml; path = Info.plist; sourceTree = "<group>"; };
		57845ADF24092D4400F35651 /* Firebase-DemoTests.xctest */ = {isa = PBXFileReference; explicitFileType = wrapper.cfbundle; includeInIndex = 0; path = "Firebase-DemoTests.xctest"; sourceTree = BUILT_PRODUCTS_DIR; };
		57845AE324092D4400F35651 /* Firebase_DemoTests.swift */ = {isa = PBXFileReference; lastKnownFileType = sourcecode.swift; path = Firebase_DemoTests.swift; sourceTree = "<group>"; };
		57845AE524092D4400F35651 /* Info.plist */ = {isa = PBXFileReference; lastKnownFileType = text.plist.xml; path = Info.plist; sourceTree = "<group>"; };
		57845AEE24092D5D00F35651 /* LoginView.storyboard */ = {isa = PBXFileReference; lastKnownFileType = file.storyboard; path = LoginView.storyboard; sourceTree = "<group>"; };
		57845AF024092DBB00F35651 /* GradientView.swift */ = {isa = PBXFileReference; lastKnownFileType = sourcecode.swift; path = GradientView.swift; sourceTree = "<group>"; };
		57845AF224092DDC00F35651 /* DesignableView.swift */ = {isa = PBXFileReference; lastKnownFileType = sourcecode.swift; path = DesignableView.swift; sourceTree = "<group>"; };
		578824D50FCE996CC3BC4125 /* Pods_Firebase_DemoTests.framework */ = {isa = PBXFileReference; explicitFileType = wrapper.framework; includeInIndex = 0; path = Pods_Firebase_DemoTests.framework; sourceTree = BUILT_PRODUCTS_DIR; };
		70628E5320EA33C759A5B023 /* Pods-Firebase-Demo.release.xcconfig */ = {isa = PBXFileReference; includeInIndex = 1; lastKnownFileType = text.xcconfig; name = "Pods-Firebase-Demo.release.xcconfig"; path = "Target Support Files/Pods-Firebase-Demo/Pods-Firebase-Demo.release.xcconfig"; sourceTree = "<group>"; };
		86174277BAD3500597FB3617 /* Pods-Firebase-Demo.debug.xcconfig */ = {isa = PBXFileReference; includeInIndex = 1; lastKnownFileType = text.xcconfig; name = "Pods-Firebase-Demo.debug.xcconfig"; path = "Target Support Files/Pods-Firebase-Demo/Pods-Firebase-Demo.debug.xcconfig"; sourceTree = "<group>"; };
		B74AF8DA241BD17000D30957 /* Favorite.swift */ = {isa = PBXFileReference; lastKnownFileType = sourcecode.swift; path = Favorite.swift; sourceTree = "<group>"; };
		B74AF8DC241BE5FA00D30957 /* SellerItemsController.swift */ = {isa = PBXFileReference; lastKnownFileType = sourcecode.swift; path = SellerItemsController.swift; sourceTree = "<group>"; };
		B74AF8DE241BEEFB00D30957 /* Date+Ext.swift */ = {isa = PBXFileReference; lastKnownFileType = sourcecode.swift; path = "Date+Ext.swift"; sourceTree = "<group>"; };
		B7568529240D5E0F00215AD6 /* MainView.storyboard */ = {isa = PBXFileReference; lastKnownFileType = file.storyboard; path = MainView.storyboard; sourceTree = "<group>"; };
		B756852B240D5F1400215AD6 /* MainTabBarController.swift */ = {isa = PBXFileReference; lastKnownFileType = sourcecode.swift; path = MainTabBarController.swift; sourceTree = "<group>"; };
		B756852D240D5F3700215AD6 /* ItemFeedViewController.swift */ = {isa = PBXFileReference; lastKnownFileType = sourcecode.swift; path = ItemFeedViewController.swift; sourceTree = "<group>"; };
		B756852F240D5F4B00215AD6 /* SellItemViewController.swift */ = {isa = PBXFileReference; lastKnownFileType = sourcecode.swift; path = SellItemViewController.swift; sourceTree = "<group>"; };
		B7568531240D5F5700215AD6 /* ProfileViewController.swift */ = {isa = PBXFileReference; lastKnownFileType = sourcecode.swift; path = ProfileViewController.swift; sourceTree = "<group>"; };
		B7568533240D5FAC00215AD6 /* UIViewController+Navigation.swift */ = {isa = PBXFileReference; lastKnownFileType = sourcecode.swift; path = "UIViewController+Navigation.swift"; sourceTree = "<group>"; };
		B7568535240D5FEE00215AD6 /* UIViewController+Alert.swift */ = {isa = PBXFileReference; lastKnownFileType = sourcecode.swift; path = "UIViewController+Alert.swift"; sourceTree = "<group>"; };
		B7646B4524096E4E0088AA84 /* GoogleService-Info.plist */ = {isa = PBXFileReference; fileEncoding = 4; lastKnownFileType = text.plist.xml; path = "GoogleService-Info.plist"; sourceTree = "<group>"; };
		B7646B482409753D0088AA84 /* AuthenticationSession.swift */ = {isa = PBXFileReference; lastKnownFileType = sourcecode.swift; path = AuthenticationSession.swift; sourceTree = "<group>"; };
		B7669EFE240FFE00003F821D /* ItemCell.xib */ = {isa = PBXFileReference; lastKnownFileType = file.xib; path = ItemCell.xib; sourceTree = "<group>"; };
		B7669F00240FFE2E003F821D /* ItemCell.swift */ = {isa = PBXFileReference; lastKnownFileType = sourcecode.swift; path = ItemCell.swift; sourceTree = "<group>"; };
		B7669F0324100B02003F821D /* UIImage+Ext.swift */ = {isa = PBXFileReference; lastKnownFileType = sourcecode.swift; path = "UIImage+Ext.swift"; sourceTree = "<group>"; };
		B7669F0524100DCC003F821D /* StorageService.swift */ = {isa = PBXFileReference; lastKnownFileType = sourcecode.swift; path = StorageService.swift; sourceTree = "<group>"; };
		B7AC45DD24196A9B0036F392 /* ItemDetailController.swift */ = {isa = PBXFileReference; lastKnownFileType = sourcecode.swift; path = ItemDetailController.swift; sourceTree = "<group>"; };
		B7AC45DF241973D80036F392 /* HeaderView.swift */ = {isa = PBXFileReference; lastKnownFileType = sourcecode.swift; path = HeaderView.swift; sourceTree = "<group>"; };
		B7AC45E124198F720036F392 /* Comment.swift */ = {isa = PBXFileReference; lastKnownFileType = sourcecode.swift; path = Comment.swift; sourceTree = "<group>"; };
		B7B25AC2240D7AA1003D9F37 /* CreateItemViewController.swift */ = {isa = PBXFileReference; lastKnownFileType = sourcecode.swift; path = CreateItemViewController.swift; sourceTree = "<group>"; };
		B7B25AC4240D7B92003D9F37 /* Item.swift */ = {isa = PBXFileReference; lastKnownFileType = sourcecode.swift; path = Item.swift; sourceTree = "<group>"; };
		B7B25AC6240D7E61003D9F37 /* DatabaseService.swift */ = {isa = PBXFileReference; lastKnownFileType = sourcecode.swift; path = DatabaseService.swift; sourceTree = "<group>"; };
		B7E3613A240D757B00B15257 /* CategoryCell.swift */ = {isa = PBXFileReference; lastKnownFileType = sourcecode.swift; path = CategoryCell.swift; sourceTree = "<group>"; };
		B7E3613F240D784C00B15257 /* Category.swift */ = {isa = PBXFileReference; lastKnownFileType = sourcecode.swift; path = Category.swift; sourceTree = "<group>"; };
/* End PBXFileReference section */

/* Begin PBXFrameworksBuildPhase section */
		57845AC624092D4300F35651 /* Frameworks */ = {
			isa = PBXFrameworksBuildPhase;
			buildActionMask = 2147483647;
			files = (
				FD7F9916B3652ACFE4BCDD44 /* Pods_Firebase_Demo.framework in Frameworks */,
			);
			runOnlyForDeploymentPostprocessing = 0;
		};
		57845ADC24092D4400F35651 /* Frameworks */ = {
			isa = PBXFrameworksBuildPhase;
			buildActionMask = 2147483647;
			files = (
				EB6574F1B80D78AC8140604E /* Pods_Firebase_DemoTests.framework in Frameworks */,
			);
			runOnlyForDeploymentPostprocessing = 0;
		};
/* End PBXFrameworksBuildPhase section */

/* Begin PBXGroup section */
		57845AC024092D4300F35651 = {
			isa = PBXGroup;
			children = (
				57845ACB24092D4300F35651 /* Firebase-Demo */,
				57845AE224092D4400F35651 /* Firebase-DemoTests */,
				57845ACA24092D4300F35651 /* Products */,
				F51E0676D51685CA02FF41D9 /* Pods */,
				57D54821C4F41467297AEF24 /* Frameworks */,
			);
			sourceTree = "<group>";
		};
		57845ACA24092D4300F35651 /* Products */ = {
			isa = PBXGroup;
			children = (
				57845AC924092D4300F35651 /* Firebase-Demo.app */,
				57845ADF24092D4400F35651 /* Firebase-DemoTests.xctest */,
			);
			name = Products;
			sourceTree = "<group>";
		};
		57845ACB24092D4300F35651 /* Firebase-Demo */ = {
			isa = PBXGroup;
			children = (
				B7669F0224100AEC003F821D /* Extensions */,
				B7E3613C240D77A900B15257 /* Model */,
				B7646B47240975120088AA84 /* Firebase Services  */,
				57845AF72409337B00F35651 /* Storyboards */,
				57845AF52409332000F35651 /* Views */,
				57845AF62409332900F35651 /* Controllers */,
				57845AF42409330C00F35651 /* Supporting Files */,
				57845ADA24092D4400F35651 /* Info.plist */,
				B7646B4524096E4E0088AA84 /* GoogleService-Info.plist */,
			);
			path = "Firebase-Demo";
			sourceTree = "<group>";
		};
		57845AE224092D4400F35651 /* Firebase-DemoTests */ = {
			isa = PBXGroup;
			children = (
				57845AE324092D4400F35651 /* Firebase_DemoTests.swift */,
				57845AE524092D4400F35651 /* Info.plist */,
			);
			path = "Firebase-DemoTests";
			sourceTree = "<group>";
		};
		57845AF42409330C00F35651 /* Supporting Files */ = {
			isa = PBXGroup;
			children = (
				57845ACC24092D4300F35651 /* AppDelegate.swift */,
				57845ACE24092D4300F35651 /* SceneDelegate.swift */,
				57845AD524092D4400F35651 /* Assets.xcassets */,
			);
			path = "Supporting Files";
			sourceTree = "<group>";
		};
		57845AF52409332000F35651 /* Views */ = {
			isa = PBXGroup;
			children = (
				57845AF024092DBB00F35651 /* GradientView.swift */,
				B7E3613A240D757B00B15257 /* CategoryCell.swift */,
				57845AF224092DDC00F35651 /* DesignableView.swift */,
				B7669EFE240FFE00003F821D /* ItemCell.xib */,
				B7669F00240FFE2E003F821D /* ItemCell.swift */,
				B7AC45DF241973D80036F392 /* HeaderView.swift */,
			);
			path = Views;
			sourceTree = "<group>";
		};
		57845AF62409332900F35651 /* Controllers */ = {
			isa = PBXGroup;
			children = (
				57845AD024092D4300F35651 /* LoginViewController.swift */,
				B756852B240D5F1400215AD6 /* MainTabBarController.swift */,
				B756852D240D5F3700215AD6 /* ItemFeedViewController.swift */,
				B7B25AC2240D7AA1003D9F37 /* CreateItemViewController.swift */,
				B756852F240D5F4B00215AD6 /* SellItemViewController.swift */,
				B7568531240D5F5700215AD6 /* ProfileViewController.swift */,
				B7AC45DD24196A9B0036F392 /* ItemDetailController.swift */,
				B74AF8DC241BE5FA00D30957 /* SellerItemsController.swift */,
			);
			path = Controllers;
			sourceTree = "<group>";
		};
		57845AF72409337B00F35651 /* Storyboards */ = {
			isa = PBXGroup;
			children = (
				57845AD724092D4400F35651 /* LaunchScreen.storyboard */,
				57845AEE24092D5D00F35651 /* LoginView.storyboard */,
				B7568529240D5E0F00215AD6 /* MainView.storyboard */,
			);
			path = Storyboards;
			sourceTree = "<group>";
		};
		57D54821C4F41467297AEF24 /* Frameworks */ = {
			isa = PBXGroup;
			children = (
				4DBAE2E40D80C7BA37A9AE4C /* Pods_Firebase_Demo.framework */,
				578824D50FCE996CC3BC4125 /* Pods_Firebase_DemoTests.framework */,
			);
			name = Frameworks;
			sourceTree = "<group>";
		};
		B7646B47240975120088AA84 /* Firebase Services  */ = {
			isa = PBXGroup;
			children = (
				B7646B482409753D0088AA84 /* AuthenticationSession.swift */,
				B7669F0524100DCC003F821D /* StorageService.swift */,
				B7B25AC6240D7E61003D9F37 /* DatabaseService.swift */,
			);
			path = "Firebase Services ";
			sourceTree = "<group>";
		};
		B7669F0224100AEC003F821D /* Extensions */ = {
			isa = PBXGroup;
			children = (
				B7568533240D5FAC00215AD6 /* UIViewController+Navigation.swift */,
				B7568535240D5FEE00215AD6 /* UIViewController+Alert.swift */,
				B7669F0324100B02003F821D /* UIImage+Ext.swift */,
				B74AF8DE241BEEFB00D30957 /* Date+Ext.swift */,
			);
			path = Extensions;
			sourceTree = "<group>";
		};
		B7E3613C240D77A900B15257 /* Model */ = {
			isa = PBXGroup;
			children = (
				B7E3613F240D784C00B15257 /* Category.swift */,
				B7AC45E124198F720036F392 /* Comment.swift */,
				B7B25AC4240D7B92003D9F37 /* Item.swift */,
				B74AF8DA241BD17000D30957 /* Favorite.swift */,
			);
			path = Model;
			sourceTree = "<group>";
		};
		F51E0676D51685CA02FF41D9 /* Pods */ = {
			isa = PBXGroup;
			children = (
				86174277BAD3500597FB3617 /* Pods-Firebase-Demo.debug.xcconfig */,
				70628E5320EA33C759A5B023 /* Pods-Firebase-Demo.release.xcconfig */,
				339DE5D575CDDFC67600355B /* Pods-Firebase-DemoTests.debug.xcconfig */,
				13FE1FF9ABD13A8231698596 /* Pods-Firebase-DemoTests.release.xcconfig */,
			);
			path = Pods;
			sourceTree = "<group>";
		};
/* End PBXGroup section */

/* Begin PBXNativeTarget section */
		57845AC824092D4300F35651 /* Firebase-Demo */ = {
			isa = PBXNativeTarget;
			buildConfigurationList = 57845AE824092D4400F35651 /* Build configuration list for PBXNativeTarget "Firebase-Demo" */;
			buildPhases = (
				2A9B07ACF2307738EC60D9E3 /* [CP] Check Pods Manifest.lock */,
				57845AC524092D4300F35651 /* Sources */,
				57845AC624092D4300F35651 /* Frameworks */,
				57845AC724092D4300F35651 /* Resources */,
				4BDC60B522F6D38C2BF97AC9 /* [CP] Embed Pods Frameworks */,
			);
			buildRules = (
			);
			dependencies = (
			);
			name = "Firebase-Demo";
			productName = "Firebase-Demo";
			productReference = 57845AC924092D4300F35651 /* Firebase-Demo.app */;
			productType = "com.apple.product-type.application";
		};
		57845ADE24092D4400F35651 /* Firebase-DemoTests */ = {
			isa = PBXNativeTarget;
			buildConfigurationList = 57845AEB24092D4400F35651 /* Build configuration list for PBXNativeTarget "Firebase-DemoTests" */;
			buildPhases = (
				5C45AEC92E173CC90DBF07B6 /* [CP] Check Pods Manifest.lock */,
				57845ADB24092D4400F35651 /* Sources */,
				57845ADC24092D4400F35651 /* Frameworks */,
				57845ADD24092D4400F35651 /* Resources */,
			);
			buildRules = (
			);
			dependencies = (
				57845AE124092D4400F35651 /* PBXTargetDependency */,
			);
			name = "Firebase-DemoTests";
			productName = "Firebase-DemoTests";
			productReference = 57845ADF24092D4400F35651 /* Firebase-DemoTests.xctest */;
			productType = "com.apple.product-type.bundle.unit-test";
		};
/* End PBXNativeTarget section */

/* Begin PBXProject section */
		57845AC124092D4300F35651 /* Project object */ = {
			isa = PBXProject;
			attributes = {
				LastSwiftUpdateCheck = 1130;
				LastUpgradeCheck = 1130;
				ORGANIZATIONNAME = "Alex Paul";
				TargetAttributes = {
					57845AC824092D4300F35651 = {
						CreatedOnToolsVersion = 11.3;
					};
					57845ADE24092D4400F35651 = {
						CreatedOnToolsVersion = 11.3;
						TestTargetID = 57845AC824092D4300F35651;
					};
				};
			};
			buildConfigurationList = 57845AC424092D4300F35651 /* Build configuration list for PBXProject "Firebase-Demo" */;
			compatibilityVersion = "Xcode 9.3";
			developmentRegion = en;
			hasScannedForEncodings = 0;
			knownRegions = (
				en,
				Base,
			);
			mainGroup = 57845AC024092D4300F35651;
			productRefGroup = 57845ACA24092D4300F35651 /* Products */;
			projectDirPath = "";
			projectRoot = "";
			targets = (
				57845AC824092D4300F35651 /* Firebase-Demo */,
				57845ADE24092D4400F35651 /* Firebase-DemoTests */,
			);
		};
/* End PBXProject section */

/* Begin PBXResourcesBuildPhase section */
		57845AC724092D4300F35651 /* Resources */ = {
			isa = PBXResourcesBuildPhase;
			buildActionMask = 2147483647;
			files = (
				57845AD924092D4400F35651 /* LaunchScreen.storyboard in Resources */,
				B7646B4624096E4E0088AA84 /* GoogleService-Info.plist in Resources */,
				B7669EFF240FFE01003F821D /* ItemCell.xib in Resources */,
				B756852A240D5E0F00215AD6 /* MainView.storyboard in Resources */,
				57845AD624092D4400F35651 /* Assets.xcassets in Resources */,
				57845AEF24092D5D00F35651 /* LoginView.storyboard in Resources */,
			);
			runOnlyForDeploymentPostprocessing = 0;
		};
		57845ADD24092D4400F35651 /* Resources */ = {
			isa = PBXResourcesBuildPhase;
			buildActionMask = 2147483647;
			files = (
			);
			runOnlyForDeploymentPostprocessing = 0;
		};
/* End PBXResourcesBuildPhase section */

/* Begin PBXShellScriptBuildPhase section */
		2A9B07ACF2307738EC60D9E3 /* [CP] Check Pods Manifest.lock */ = {
			isa = PBXShellScriptBuildPhase;
			buildActionMask = 2147483647;
			files = (
			);
			inputFileListPaths = (
			);
			inputPaths = (
				"${PODS_PODFILE_DIR_PATH}/Podfile.lock",
				"${PODS_ROOT}/Manifest.lock",
			);
			name = "[CP] Check Pods Manifest.lock";
			outputFileListPaths = (
			);
			outputPaths = (
				"$(DERIVED_FILE_DIR)/Pods-Firebase-Demo-checkManifestLockResult.txt",
			);
			runOnlyForDeploymentPostprocessing = 0;
			shellPath = /bin/sh;
			shellScript = "diff \"${PODS_PODFILE_DIR_PATH}/Podfile.lock\" \"${PODS_ROOT}/Manifest.lock\" > /dev/null\nif [ $? != 0 ] ; then\n    # print error to STDERR\n    echo \"error: The sandbox is not in sync with the Podfile.lock. Run 'pod install' or update your CocoaPods installation.\" >&2\n    exit 1\nfi\n# This output is used by Xcode 'outputs' to avoid re-running this script phase.\necho \"SUCCESS\" > \"${SCRIPT_OUTPUT_FILE_0}\"\n";
			showEnvVarsInLog = 0;
		};
		4BDC60B522F6D38C2BF97AC9 /* [CP] Embed Pods Frameworks */ = {
			isa = PBXShellScriptBuildPhase;
			buildActionMask = 2147483647;
			files = (
			);
			inputFileListPaths = (
				"${PODS_ROOT}/Target Support Files/Pods-Firebase-Demo/Pods-Firebase-Demo-frameworks-${CONFIGURATION}-input-files.xcfilelist",
			);
			name = "[CP] Embed Pods Frameworks";
			outputFileListPaths = (
				"${PODS_ROOT}/Target Support Files/Pods-Firebase-Demo/Pods-Firebase-Demo-frameworks-${CONFIGURATION}-output-files.xcfilelist",
			);
			runOnlyForDeploymentPostprocessing = 0;
			shellPath = /bin/sh;
			shellScript = "\"${PODS_ROOT}/Target Support Files/Pods-Firebase-Demo/Pods-Firebase-Demo-frameworks.sh\"\n";
			showEnvVarsInLog = 0;
		};
		5C45AEC92E173CC90DBF07B6 /* [CP] Check Pods Manifest.lock */ = {
			isa = PBXShellScriptBuildPhase;
			buildActionMask = 2147483647;
			files = (
			);
			inputFileListPaths = (
			);
			inputPaths = (
				"${PODS_PODFILE_DIR_PATH}/Podfile.lock",
				"${PODS_ROOT}/Manifest.lock",
			);
			name = "[CP] Check Pods Manifest.lock";
			outputFileListPaths = (
			);
			outputPaths = (
				"$(DERIVED_FILE_DIR)/Pods-Firebase-DemoTests-checkManifestLockResult.txt",
			);
			runOnlyForDeploymentPostprocessing = 0;
			shellPath = /bin/sh;
			shellScript = "diff \"${PODS_PODFILE_DIR_PATH}/Podfile.lock\" \"${PODS_ROOT}/Manifest.lock\" > /dev/null\nif [ $? != 0 ] ; then\n    # print error to STDERR\n    echo \"error: The sandbox is not in sync with the Podfile.lock. Run 'pod install' or update your CocoaPods installation.\" >&2\n    exit 1\nfi\n# This output is used by Xcode 'outputs' to avoid re-running this script phase.\necho \"SUCCESS\" > \"${SCRIPT_OUTPUT_FILE_0}\"\n";
			showEnvVarsInLog = 0;
		};
/* End PBXShellScriptBuildPhase section */

/* Begin PBXSourcesBuildPhase section */
		57845AC524092D4300F35651 /* Sources */ = {
			isa = PBXSourcesBuildPhase;
			buildActionMask = 2147483647;
			files = (
				B7B25AC7240D7E61003D9F37 /* DatabaseService.swift in Sources */,
				B7AC45E224198F720036F392 /* Comment.swift in Sources */,
				B7669F0624100DCC003F821D /* StorageService.swift in Sources */,
				B7E3613B240D757B00B15257 /* CategoryCell.swift in Sources */,
				B7669F01240FFE2E003F821D /* ItemCell.swift in Sources */,
				57845AD124092D4300F35651 /* LoginViewController.swift in Sources */,
				B756852E240D5F3700215AD6 /* ItemFeedViewController.swift in Sources */,
				B7568532240D5F5700215AD6 /* ProfileViewController.swift in Sources */,
				B7AC45E0241973D80036F392 /* HeaderView.swift in Sources */,
				B74AF8DB241BD17000D30957 /* Favorite.swift in Sources */,
				B7B25AC5240D7B92003D9F37 /* Item.swift in Sources */,
				B7568536240D5FEE00215AD6 /* UIViewController+Alert.swift in Sources */,
				B7669F0424100B02003F821D /* UIImage+Ext.swift in Sources */,
				57845ACD24092D4300F35651 /* AppDelegate.swift in Sources */,
				57845AF124092DBB00F35651 /* GradientView.swift in Sources */,
				B74AF8DF241BEEFB00D30957 /* Date+Ext.swift in Sources */,
				B74AF8DD241BE5FA00D30957 /* SellerItemsController.swift in Sources */,
				B7AC45DE24196A9B0036F392 /* ItemDetailController.swift in Sources */,
				B7568530240D5F4B00215AD6 /* SellItemViewController.swift in Sources */,
				B756852C240D5F1400215AD6 /* MainTabBarController.swift in Sources */,
				57845AF324092DDC00F35651 /* DesignableView.swift in Sources */,
				B7B25AC3240D7AA1003D9F37 /* CreateItemViewController.swift in Sources */,
				B7646B492409753D0088AA84 /* AuthenticationSession.swift in Sources */,
				57845ACF24092D4300F35651 /* SceneDelegate.swift in Sources */,
				B7568534240D5FAC00215AD6 /* UIViewController+Navigation.swift in Sources */,
				B7E36140240D784C00B15257 /* Category.swift in Sources */,
			);
			runOnlyForDeploymentPostprocessing = 0;
		};
		57845ADB24092D4400F35651 /* Sources */ = {
			isa = PBXSourcesBuildPhase;
			buildActionMask = 2147483647;
			files = (
				57845AE424092D4400F35651 /* Firebase_DemoTests.swift in Sources */,
			);
			runOnlyForDeploymentPostprocessing = 0;
		};
/* End PBXSourcesBuildPhase section */

/* Begin PBXTargetDependency section */
		57845AE124092D4400F35651 /* PBXTargetDependency */ = {
			isa = PBXTargetDependency;
			target = 57845AC824092D4300F35651 /* Firebase-Demo */;
			targetProxy = 57845AE024092D4400F35651 /* PBXContainerItemProxy */;
		};
/* End PBXTargetDependency section */

/* Begin PBXVariantGroup section */
		57845AD724092D4400F35651 /* LaunchScreen.storyboard */ = {
			isa = PBXVariantGroup;
			children = (
				57845AD824092D4400F35651 /* Base */,
			);
			name = LaunchScreen.storyboard;
			sourceTree = "<group>";
		};
/* End PBXVariantGroup section */

/* Begin XCBuildConfiguration section */
		57845AE624092D4400F35651 /* Debug */ = {
			isa = XCBuildConfiguration;
			buildSettings = {
				ALWAYS_SEARCH_USER_PATHS = NO;
				CLANG_ANALYZER_NONNULL = YES;
				CLANG_ANALYZER_NUMBER_OBJECT_CONVERSION = YES_AGGRESSIVE;
				CLANG_CXX_LANGUAGE_STANDARD = "gnu++14";
				CLANG_CXX_LIBRARY = "libc++";
				CLANG_ENABLE_MODULES = YES;
				CLANG_ENABLE_OBJC_ARC = YES;
				CLANG_ENABLE_OBJC_WEAK = YES;
				CLANG_WARN_BLOCK_CAPTURE_AUTORELEASING = YES;
				CLANG_WARN_BOOL_CONVERSION = YES;
				CLANG_WARN_COMMA = YES;
				CLANG_WARN_CONSTANT_CONVERSION = YES;
				CLANG_WARN_DEPRECATED_OBJC_IMPLEMENTATIONS = YES;
				CLANG_WARN_DIRECT_OBJC_ISA_USAGE = YES_ERROR;
				CLANG_WARN_DOCUMENTATION_COMMENTS = YES;
				CLANG_WARN_EMPTY_BODY = YES;
				CLANG_WARN_ENUM_CONVERSION = YES;
				CLANG_WARN_INFINITE_RECURSION = YES;
				CLANG_WARN_INT_CONVERSION = YES;
				CLANG_WARN_NON_LITERAL_NULL_CONVERSION = YES;
				CLANG_WARN_OBJC_IMPLICIT_RETAIN_SELF = YES;
				CLANG_WARN_OBJC_LITERAL_CONVERSION = YES;
				CLANG_WARN_OBJC_ROOT_CLASS = YES_ERROR;
				CLANG_WARN_RANGE_LOOP_ANALYSIS = YES;
				CLANG_WARN_STRICT_PROTOTYPES = YES;
				CLANG_WARN_SUSPICIOUS_MOVE = YES;
				CLANG_WARN_UNGUARDED_AVAILABILITY = YES_AGGRESSIVE;
				CLANG_WARN_UNREACHABLE_CODE = YES;
				CLANG_WARN__DUPLICATE_METHOD_MATCH = YES;
				COPY_PHASE_STRIP = NO;
				DEBUG_INFORMATION_FORMAT = dwarf;
				ENABLE_STRICT_OBJC_MSGSEND = YES;
				ENABLE_TESTABILITY = YES;
				GCC_C_LANGUAGE_STANDARD = gnu11;
				GCC_DYNAMIC_NO_PIC = NO;
				GCC_NO_COMMON_BLOCKS = YES;
				GCC_OPTIMIZATION_LEVEL = 0;
				GCC_PREPROCESSOR_DEFINITIONS = (
					"DEBUG=1",
					"$(inherited)",
				);
				GCC_WARN_64_TO_32_BIT_CONVERSION = YES;
				GCC_WARN_ABOUT_RETURN_TYPE = YES_ERROR;
				GCC_WARN_UNDECLARED_SELECTOR = YES;
				GCC_WARN_UNINITIALIZED_AUTOS = YES_AGGRESSIVE;
				GCC_WARN_UNUSED_FUNCTION = YES;
				GCC_WARN_UNUSED_VARIABLE = YES;
				IPHONEOS_DEPLOYMENT_TARGET = 13.2;
				MTL_ENABLE_DEBUG_INFO = INCLUDE_SOURCE;
				MTL_FAST_MATH = YES;
				ONLY_ACTIVE_ARCH = YES;
				SDKROOT = iphoneos;
				SWIFT_ACTIVE_COMPILATION_CONDITIONS = DEBUG;
				SWIFT_OPTIMIZATION_LEVEL = "-Onone";
			};
			name = Debug;
		};
		57845AE724092D4400F35651 /* Release */ = {
			isa = XCBuildConfiguration;
			buildSettings = {
				ALWAYS_SEARCH_USER_PATHS = NO;
				CLANG_ANALYZER_NONNULL = YES;
				CLANG_ANALYZER_NUMBER_OBJECT_CONVERSION = YES_AGGRESSIVE;
				CLANG_CXX_LANGUAGE_STANDARD = "gnu++14";
				CLANG_CXX_LIBRARY = "libc++";
				CLANG_ENABLE_MODULES = YES;
				CLANG_ENABLE_OBJC_ARC = YES;
				CLANG_ENABLE_OBJC_WEAK = YES;
				CLANG_WARN_BLOCK_CAPTURE_AUTORELEASING = YES;
				CLANG_WARN_BOOL_CONVERSION = YES;
				CLANG_WARN_COMMA = YES;
				CLANG_WARN_CONSTANT_CONVERSION = YES;
				CLANG_WARN_DEPRECATED_OBJC_IMPLEMENTATIONS = YES;
				CLANG_WARN_DIRECT_OBJC_ISA_USAGE = YES_ERROR;
				CLANG_WARN_DOCUMENTATION_COMMENTS = YES;
				CLANG_WARN_EMPTY_BODY = YES;
				CLANG_WARN_ENUM_CONVERSION = YES;
				CLANG_WARN_INFINITE_RECURSION = YES;
				CLANG_WARN_INT_CONVERSION = YES;
				CLANG_WARN_NON_LITERAL_NULL_CONVERSION = YES;
				CLANG_WARN_OBJC_IMPLICIT_RETAIN_SELF = YES;
				CLANG_WARN_OBJC_LITERAL_CONVERSION = YES;
				CLANG_WARN_OBJC_ROOT_CLASS = YES_ERROR;
				CLANG_WARN_RANGE_LOOP_ANALYSIS = YES;
				CLANG_WARN_STRICT_PROTOTYPES = YES;
				CLANG_WARN_SUSPICIOUS_MOVE = YES;
				CLANG_WARN_UNGUARDED_AVAILABILITY = YES_AGGRESSIVE;
				CLANG_WARN_UNREACHABLE_CODE = YES;
				CLANG_WARN__DUPLICATE_METHOD_MATCH = YES;
				COPY_PHASE_STRIP = NO;
				DEBUG_INFORMATION_FORMAT = "dwarf-with-dsym";
				ENABLE_NS_ASSERTIONS = NO;
				ENABLE_STRICT_OBJC_MSGSEND = YES;
				GCC_C_LANGUAGE_STANDARD = gnu11;
				GCC_NO_COMMON_BLOCKS = YES;
				GCC_WARN_64_TO_32_BIT_CONVERSION = YES;
				GCC_WARN_ABOUT_RETURN_TYPE = YES_ERROR;
				GCC_WARN_UNDECLARED_SELECTOR = YES;
				GCC_WARN_UNINITIALIZED_AUTOS = YES_AGGRESSIVE;
				GCC_WARN_UNUSED_FUNCTION = YES;
				GCC_WARN_UNUSED_VARIABLE = YES;
				IPHONEOS_DEPLOYMENT_TARGET = 13.2;
				MTL_ENABLE_DEBUG_INFO = NO;
				MTL_FAST_MATH = YES;
				SDKROOT = iphoneos;
				SWIFT_COMPILATION_MODE = wholemodule;
				SWIFT_OPTIMIZATION_LEVEL = "-O";
				VALIDATE_PRODUCT = YES;
			};
			name = Release;
		};
		57845AE924092D4400F35651 /* Debug */ = {
			isa = XCBuildConfiguration;
			baseConfigurationReference = 86174277BAD3500597FB3617 /* Pods-Firebase-Demo.debug.xcconfig */;
			buildSettings = {
				ASSETCATALOG_COMPILER_APPICON_NAME = AppIcon;
				CODE_SIGN_STYLE = Automatic;
				DEVELOPMENT_TEAM = ZEKMNK5YD3;
				INFOPLIST_FILE = "Firebase-Demo/Info.plist";
				LD_RUNPATH_SEARCH_PATHS = (
					"$(inherited)",
					"@executable_path/Frameworks",
				);
				PRODUCT_BUNDLE_IDENTIFIER = "com.ameni.Firebase-Demo";
				PRODUCT_NAME = "$(TARGET_NAME)";
				SWIFT_VERSION = 5.0;
				TARGETED_DEVICE_FAMILY = "1,2";
			};
			name = Debug;
		};
		57845AEA24092D4400F35651 /* Release */ = {
			isa = XCBuildConfiguration;
			baseConfigurationReference = 70628E5320EA33C759A5B023 /* Pods-Firebase-Demo.release.xcconfig */;
			buildSettings = {
				ASSETCATALOG_COMPILER_APPICON_NAME = AppIcon;
				CODE_SIGN_STYLE = Automatic;
				DEVELOPMENT_TEAM = ZEKMNK5YD3;
				INFOPLIST_FILE = "Firebase-Demo/Info.plist";
				LD_RUNPATH_SEARCH_PATHS = (
					"$(inherited)",
					"@executable_path/Frameworks",
				);
				PRODUCT_BUNDLE_IDENTIFIER = "com.ameni.Firebase-Demo";
				PRODUCT_NAME = "$(TARGET_NAME)";
				SWIFT_VERSION = 5.0;
				TARGETED_DEVICE_FAMILY = "1,2";
			};
			name = Release;
		};
		57845AEC24092D4400F35651 /* Debug */ = {
			isa = XCBuildConfiguration;
			baseConfigurationReference = 339DE5D575CDDFC67600355B /* Pods-Firebase-DemoTests.debug.xcconfig */;
			buildSettings = {
				ALWAYS_EMBED_SWIFT_STANDARD_LIBRARIES = YES;
				BUNDLE_LOADER = "$(TEST_HOST)";
				CODE_SIGN_STYLE = Automatic;
				DEVELOPMENT_TEAM = ZEKMNK5YD3;
				INFOPLIST_FILE = "Firebase-DemoTests/Info.plist";
				IPHONEOS_DEPLOYMENT_TARGET = 13.2;
				LD_RUNPATH_SEARCH_PATHS = (
					"$(inherited)",
					"@executable_path/Frameworks",
					"@loader_path/Frameworks",
				);
				PRODUCT_BUNDLE_IDENTIFIER = "com.alexcpaul.Firebase-DemoTests";
				PRODUCT_NAME = "$(TARGET_NAME)";
				SWIFT_VERSION = 5.0;
				TARGETED_DEVICE_FAMILY = "1,2";
				TEST_HOST = "$(BUILT_PRODUCTS_DIR)/Firebase-Demo.app/Firebase-Demo";
			};
			name = Debug;
		};
		57845AED24092D4400F35651 /* Release */ = {
			isa = XCBuildConfiguration;
			baseConfigurationReference = 13FE1FF9ABD13A8231698596 /* Pods-Firebase-DemoTests.release.xcconfig */;
			buildSettings = {
				ALWAYS_EMBED_SWIFT_STANDARD_LIBRARIES = YES;
				BUNDLE_LOADER = "$(TEST_HOST)";
				CODE_SIGN_STYLE = Automatic;
				DEVELOPMENT_TEAM = ZEKMNK5YD3;
				INFOPLIST_FILE = "Firebase-DemoTests/Info.plist";
				IPHONEOS_DEPLOYMENT_TARGET = 13.2;
				LD_RUNPATH_SEARCH_PATHS = (
					"$(inherited)",
					"@executable_path/Frameworks",
					"@loader_path/Frameworks",
				);
				PRODUCT_BUNDLE_IDENTIFIER = "com.alexcpaul.Firebase-DemoTests";
				PRODUCT_NAME = "$(TARGET_NAME)";
				SWIFT_VERSION = 5.0;
				TARGETED_DEVICE_FAMILY = "1,2";
				TEST_HOST = "$(BUILT_PRODUCTS_DIR)/Firebase-Demo.app/Firebase-Demo";
			};
			name = Release;
		};
/* End XCBuildConfiguration section */

/* Begin XCConfigurationList section */
		57845AC424092D4300F35651 /* Build configuration list for PBXProject "Firebase-Demo" */ = {
			isa = XCConfigurationList;
			buildConfigurations = (
				57845AE624092D4400F35651 /* Debug */,
				57845AE724092D4400F35651 /* Release */,
			);
			defaultConfigurationIsVisible = 0;
			defaultConfigurationName = Release;
		};
		57845AE824092D4400F35651 /* Build configuration list for PBXNativeTarget "Firebase-Demo" */ = {
			isa = XCConfigurationList;
			buildConfigurations = (
				57845AE924092D4400F35651 /* Debug */,
				57845AEA24092D4400F35651 /* Release */,
			);
			defaultConfigurationIsVisible = 0;
			defaultConfigurationName = Release;
		};
		57845AEB24092D4400F35651 /* Build configuration list for PBXNativeTarget "Firebase-DemoTests" */ = {
			isa = XCConfigurationList;
			buildConfigurations = (
				57845AEC24092D4400F35651 /* Debug */,
				57845AED24092D4400F35651 /* Release */,
			);
			defaultConfigurationIsVisible = 0;
			defaultConfigurationName = Release;
		};
/* End XCConfigurationList section */
	};
	rootObject = 57845AC124092D4300F35651 /* Project object */;
}
